// !$*UTF8*$!
{
	archiveVersion = 1;
	classes = {
	};
	objectVersion = 56;
	objects = {

/* Begin PBXBuildFile section */
		BF7C432F2B009DC100347781 /* User_Interface_MovieApp.swift in Sources */ = {isa = PBXBuildFile; fileRef = BF7C432E2B009DC100347781 /* User_Interface_MovieApp.swift */; };
		BF7C43312B009DC100347781 /* ContentView.swift in Sources */ = {isa = PBXBuildFile; fileRef = BF7C43302B009DC100347781 /* ContentView.swift */; };
		BF7C43332B009DC300347781 /* Assets.xcassets in Resources */ = {isa = PBXBuildFile; fileRef = BF7C43322B009DC300347781 /* Assets.xcassets */; };
		BF7C43362B009DC300347781 /* Preview Assets.xcassets in Resources */ = {isa = PBXBuildFile; fileRef = BF7C43352B009DC300347781 /* Preview Assets.xcassets */; };
		BF7C43402B009DC400347781 /* User_Interface_MovieTests.swift in Sources */ = {isa = PBXBuildFile; fileRef = BF7C433F2B009DC400347781 /* User_Interface_MovieTests.swift */; };
		BF7C434A2B009DC400347781 /* User_Interface_MovieUITests.swift in Sources */ = {isa = PBXBuildFile; fileRef = BF7C43492B009DC400347781 /* User_Interface_MovieUITests.swift */; };
		BF7C434C2B009DC400347781 /* User_Interface_MovieUITestsLaunchTests.swift in Sources */ = {isa = PBXBuildFile; fileRef = BF7C434B2B009DC400347781 /* User_Interface_MovieUITestsLaunchTests.swift */; };
		BF7C43592B00A84A00347781 /* Small Movie Structure.swift in Sources */ = {isa = PBXBuildFile; fileRef = BF7C43582B00A84A00347781 /* Small Movie Structure.swift */; };
/* End PBXBuildFile section */

/* Begin PBXContainerItemProxy section */
		BF7C433C2B009DC300347781 /* PBXContainerItemProxy */ = {
			isa = PBXContainerItemProxy;
			containerPortal = BF7C43232B009DC100347781 /* Project object */;
			proxyType = 1;
			remoteGlobalIDString = BF7C432A2B009DC100347781;
			remoteInfo = "User Interface Movie";
		};
		BF7C43462B009DC400347781 /* PBXContainerItemProxy */ = {
			isa = PBXContainerItemProxy;
			containerPortal = BF7C43232B009DC100347781 /* Project object */;
			proxyType = 1;
			remoteGlobalIDString = BF7C432A2B009DC100347781;
			remoteInfo = "User Interface Movie";
		};
/* End PBXContainerItemProxy section */

/* Begin PBXFileReference section */
		BF7C432B2B009DC100347781 /* User Interface Movie.app */ = {isa = PBXFileReference; explicitFileType = wrapper.application; includeInIndex = 0; path = "User Interface Movie.app"; sourceTree = BUILT_PRODUCTS_DIR; };
		BF7C432E2B009DC100347781 /* User_Interface_MovieApp.swift */ = {isa = PBXFileReference; lastKnownFileType = sourcecode.swift; path = User_Interface_MovieApp.swift; sourceTree = "<group>"; };
		BF7C43302B009DC100347781 /* ContentView.swift */ = {isa = PBXFileReference; lastKnownFileType = sourcecode.swift; path = ContentView.swift; sourceTree = "<group>"; };
		BF7C43322B009DC300347781 /* Assets.xcassets */ = {isa = PBXFileReference; lastKnownFileType = folder.assetcatalog; path = Assets.xcassets; sourceTree = "<group>"; };
		BF7C43352B009DC300347781 /* Preview Assets.xcassets */ = {isa = PBXFileReference; lastKnownFileType = folder.assetcatalog; path = "Preview Assets.xcassets"; sourceTree = "<group>"; };
		BF7C433B2B009DC300347781 /* User Interface MovieTests.xctest */ = {isa = PBXFileReference; explicitFileType = wrapper.cfbundle; includeInIndex = 0; path = "User Interface MovieTests.xctest"; sourceTree = BUILT_PRODUCTS_DIR; };
		BF7C433F2B009DC400347781 /* User_Interface_MovieTests.swift */ = {isa = PBXFileReference; lastKnownFileType = sourcecode.swift; path = User_Interface_MovieTests.swift; sourceTree = "<group>"; };
		BF7C43452B009DC400347781 /* User Interface MovieUITests.xctest */ = {isa = PBXFileReference; explicitFileType = wrapper.cfbundle; includeInIndex = 0; path = "User Interface MovieUITests.xctest"; sourceTree = BUILT_PRODUCTS_DIR; };
		BF7C43492B009DC400347781 /* User_Interface_MovieUITests.swift */ = {isa = PBXFileReference; lastKnownFileType = sourcecode.swift; path = User_Interface_MovieUITests.swift; sourceTree = "<group>"; };
		BF7C434B2B009DC400347781 /* User_Interface_MovieUITestsLaunchTests.swift */ = {isa = PBXFileReference; lastKnownFileType = sourcecode.swift; path = User_Interface_MovieUITestsLaunchTests.swift; sourceTree = "<group>"; };
		BF7C43582B00A84A00347781 /* Small Movie Structure.swift */ = {isa = PBXFileReference; lastKnownFileType = sourcecode.swift; path = "Small Movie Structure.swift"; sourceTree = "<group>"; };
/* End PBXFileReference section */

/* Begin PBXFrameworksBuildPhase section */
		BF7C43282B009DC100347781 /* Frameworks */ = {
			isa = PBXFrameworksBuildPhase;
			buildActionMask = 2147483647;
			files = (
			);
			runOnlyForDeploymentPostprocessing = 0;
		};
		BF7C43382B009DC300347781 /* Frameworks */ = {
			isa = PBXFrameworksBuildPhase;
			buildActionMask = 2147483647;
			files = (
			);
			runOnlyForDeploymentPostprocessing = 0;
		};
		BF7C43422B009DC400347781 /* Frameworks */ = {
			isa = PBXFrameworksBuildPhase;
			buildActionMask = 2147483647;
			files = (
			);
			runOnlyForDeploymentPostprocessing = 0;
		};
/* End PBXFrameworksBuildPhase section */

/* Begin PBXGroup section */
		BF7C43222B009DC100347781 = {
			isa = PBXGroup;
			children = (
				BF7C432D2B009DC100347781 /* User Interface Movie */,
				BF7C433E2B009DC300347781 /* User Interface MovieTests */,
				BF7C43482B009DC400347781 /* User Interface MovieUITests */,
				BF7C432C2B009DC100347781 /* Products */,
			);
			sourceTree = "<group>";
		};
		BF7C432C2B009DC100347781 /* Products */ = {
			isa = PBXGroup;
			children = (
				BF7C432B2B009DC100347781 /* User Interface Movie.app */,
				BF7C433B2B009DC300347781 /* User Interface MovieTests.xctest */,
				BF7C43452B009DC400347781 /* User Interface MovieUITests.xctest */,
			);
			name = Products;
			sourceTree = "<group>";
		};
		BF7C432D2B009DC100347781 /* User Interface Movie */ = {
			isa = PBXGroup;
			children = (
				BF7C432E2B009DC100347781 /* User_Interface_MovieApp.swift */,
				BF7C43302B009DC100347781 /* ContentView.swift */,
				BF7C43322B009DC300347781 /* Assets.xcassets */,
				BF7C43342B009DC300347781 /* Preview Content */,
			);
			path = "User Interface Movie";
			sourceTree = "<group>";
		};
		BF7C43342B009DC300347781 /* Preview Content */ = {
			isa = PBXGroup;
			children = (
				BF7C43352B009DC300347781 /* Preview Assets.xcassets */,
				BF7C43582B00A84A00347781 /* Small Movie Structure.swift */,
			);
			path = "Preview Content";
			sourceTree = "<group>";
		};
		BF7C433E2B009DC300347781 /* User Interface MovieTests */ = {
			isa = PBXGroup;
			children = (
				BF7C433F2B009DC400347781 /* User_Interface_MovieTests.swift */,
			);
			path = "User Interface MovieTests";
			sourceTree = "<group>";
		};
		BF7C43482B009DC400347781 /* User Interface MovieUITests */ = {
			isa = PBXGroup;
			children = (
				BF7C43492B009DC400347781 /* User_Interface_MovieUITests.swift */,
				BF7C434B2B009DC400347781 /* User_Interface_MovieUITestsLaunchTests.swift */,
			);
			path = "User Interface MovieUITests";
			sourceTree = "<group>";
		};
/* End PBXGroup section */

/* Begin PBXNativeTarget section */
		BF7C432A2B009DC100347781 /* User Interface Movie */ = {
			isa = PBXNativeTarget;
			buildConfigurationList = BF7C434F2B009DC400347781 /* Build configuration list for PBXNativeTarget "User Interface Movie" */;
			buildPhases = (
				BF7C43272B009DC100347781 /* Sources */,
				BF7C43282B009DC100347781 /* Frameworks */,
				BF7C43292B009DC100347781 /* Resources */,
			);
			buildRules = (
			);
			dependencies = (
			);
			name = "User Interface Movie";
			productName = "User Interface Movie";
			productReference = BF7C432B2B009DC100347781 /* User Interface Movie.app */;
			productType = "com.apple.product-type.application";
		};
		BF7C433A2B009DC300347781 /* User Interface MovieTests */ = {
			isa = PBXNativeTarget;
			buildConfigurationList = BF7C43522B009DC400347781 /* Build configuration list for PBXNativeTarget "User Interface MovieTests" */;
			buildPhases = (
				BF7C43372B009DC300347781 /* Sources */,
				BF7C43382B009DC300347781 /* Frameworks */,
				BF7C43392B009DC300347781 /* Resources */,
			);
			buildRules = (
			);
			dependencies = (
				BF7C433D2B009DC300347781 /* PBXTargetDependency */,
			);
			name = "User Interface MovieTests";
			productName = "User Interface MovieTests";
			productReference = BF7C433B2B009DC300347781 /* User Interface MovieTests.xctest */;
			productType = "com.apple.product-type.bundle.unit-test";
		};
		BF7C43442B009DC400347781 /* User Interface MovieUITests */ = {
			isa = PBXNativeTarget;
			buildConfigurationList = BF7C43552B009DC400347781 /* Build configuration list for PBXNativeTarget "User Interface MovieUITests" */;
			buildPhases = (
				BF7C43412B009DC400347781 /* Sources */,
				BF7C43422B009DC400347781 /* Frameworks */,
				BF7C43432B009DC400347781 /* Resources */,
			);
			buildRules = (
			);
			dependencies = (
				BF7C43472B009DC400347781 /* PBXTargetDependency */,
			);
			name = "User Interface MovieUITests";
			productName = "User Interface MovieUITests";
			productReference = BF7C43452B009DC400347781 /* User Interface MovieUITests.xctest */;
			productType = "com.apple.product-type.bundle.ui-testing";
		};
/* End PBXNativeTarget section */

/* Begin PBXProject section */
		BF7C43232B009DC100347781 /* Project object */ = {
			isa = PBXProject;
			attributes = {
				BuildIndependentTargetsInParallel = 1;
				LastSwiftUpdateCheck = 1500;
				LastUpgradeCheck = 1500;
				TargetAttributes = {
					BF7C432A2B009DC100347781 = {
						CreatedOnToolsVersion = 15.0;
					};
					BF7C433A2B009DC300347781 = {
						CreatedOnToolsVersion = 15.0;
						TestTargetID = BF7C432A2B009DC100347781;
					};
					BF7C43442B009DC400347781 = {
						CreatedOnToolsVersion = 15.0;
						TestTargetID = BF7C432A2B009DC100347781;
					};
				};
			};
			buildConfigurationList = BF7C43262B009DC100347781 /* Build configuration list for PBXProject "User Interface Movie" */;
			compatibilityVersion = "Xcode 14.0";
			developmentRegion = en;
			hasScannedForEncodings = 0;
			knownRegions = (
				en,
				Base,
			);
			mainGroup = BF7C43222B009DC100347781;
			productRefGroup = BF7C432C2B009DC100347781 /* Products */;
			projectDirPath = "";
			projectRoot = "";
			targets = (
				BF7C432A2B009DC100347781 /* User Interface Movie */,
				BF7C433A2B009DC300347781 /* User Interface MovieTests */,
				BF7C43442B009DC400347781 /* User Interface MovieUITests */,
			);
		};
/* End PBXProject section */

/* Begin PBXResourcesBuildPhase section */
		BF7C43292B009DC100347781 /* Resources */ = {
			isa = PBXResourcesBuildPhase;
			buildActionMask = 2147483647;
			files = (
				BF7C43362B009DC300347781 /* Preview Assets.xcassets in Resources */,
				BF7C43332B009DC300347781 /* Assets.xcassets in Resources */,
			);
			runOnlyForDeploymentPostprocessing = 0;
		};
		BF7C43392B009DC300347781 /* Resources */ = {
			isa = PBXResourcesBuildPhase;
			buildActionMask = 2147483647;
			files = (
			);
			runOnlyForDeploymentPostprocessing = 0;
		};
		BF7C43432B009DC400347781 /* Resources */ = {
			isa = PBXResourcesBuildPhase;
			buildActionMask = 2147483647;
			files = (
			);
			runOnlyForDeploymentPostprocessing = 0;
		};
/* End PBXResourcesBuildPhase section */

/* Begin PBXSourcesBuildPhase section */
		BF7C43272B009DC100347781 /* Sources */ = {
			isa = PBXSourcesBuildPhase;
			buildActionMask = 2147483647;
			files = (
				BF7C43312B009DC100347781 /* ContentView.swift in Sources */,
				BF7C432F2B009DC100347781 /* User_Interface_MovieApp.swift in Sources */,
				BF7C43592B00A84A00347781 /* Small Movie Structure.swift in Sources */,
			);
			runOnlyForDeploymentPostprocessing = 0;
		};
		BF7C43372B009DC300347781 /* Sources */ = {
			isa = PBXSourcesBuildPhase;
			buildActionMask = 2147483647;
			files = (
				BF7C43402B009DC400347781 /* User_Interface_MovieTests.swift in Sources */,
			);
			runOnlyForDeploymentPostprocessing = 0;
		};
		BF7C43412B009DC400347781 /* Sources */ = {
			isa = PBXSourcesBuildPhase;
			buildActionMask = 2147483647;
			files = (
				BF7C434C2B009DC400347781 /* User_Interface_MovieUITestsLaunchTests.swift in Sources */,
				BF7C434A2B009DC400347781 /* User_Interface_MovieUITests.swift in Sources */,
			);
			runOnlyForDeploymentPostprocessing = 0;
		};
/* End PBXSourcesBuildPhase section */

/* Begin PBXTargetDependency section */
		BF7C433D2B009DC300347781 /* PBXTargetDependency */ = {
			isa = PBXTargetDependency;
			target = BF7C432A2B009DC100347781 /* User Interface Movie */;
			targetProxy = BF7C433C2B009DC300347781 /* PBXContainerItemProxy */;
		};
		BF7C43472B009DC400347781 /* PBXTargetDependency */ = {
			isa = PBXTargetDependency;
			target = BF7C432A2B009DC100347781 /* User Interface Movie */;
			targetProxy = BF7C43462B009DC400347781 /* PBXContainerItemProxy */;
		};
/* End PBXTargetDependency section */

/* Begin XCBuildConfiguration section */
		BF7C434D2B009DC400347781 /* Debug */ = {
			isa = XCBuildConfiguration;
			buildSettings = {
				ALWAYS_SEARCH_USER_PATHS = NO;
				ASSETCATALOG_COMPILER_GENERATE_SWIFT_ASSET_SYMBOL_EXTENSIONS = YES;
				CLANG_ANALYZER_NONNULL = YES;
				CLANG_ANALYZER_NUMBER_OBJECT_CONVERSION = YES_AGGRESSIVE;
				CLANG_CXX_LANGUAGE_STANDARD = "gnu++20";
				CLANG_ENABLE_MODULES = YES;
				CLANG_ENABLE_OBJC_ARC = YES;
				CLANG_ENABLE_OBJC_WEAK = YES;
				CLANG_WARN_BLOCK_CAPTURE_AUTORELEASING = YES;
				CLANG_WARN_BOOL_CONVERSION = YES;
				CLANG_WARN_COMMA = YES;
				CLANG_WARN_CONSTANT_CONVERSION = YES;
				CLANG_WARN_DEPRECATED_OBJC_IMPLEMENTATIONS = YES;
				CLANG_WARN_DIRECT_OBJC_ISA_USAGE = YES_ERROR;
				CLANG_WARN_DOCUMENTATION_COMMENTS = YES;
				CLANG_WARN_EMPTY_BODY = YES;
				CLANG_WARN_ENUM_CONVERSION = YES;
				CLANG_WARN_INFINITE_RECURSION = YES;
				CLANG_WARN_INT_CONVERSION = YES;
				CLANG_WARN_NON_LITERAL_NULL_CONVERSION = YES;
				CLANG_WARN_OBJC_IMPLICIT_RETAIN_SELF = YES;
				CLANG_WARN_OBJC_LITERAL_CONVERSION = YES;
				CLANG_WARN_OBJC_ROOT_CLASS = YES_ERROR;
				CLANG_WARN_QUOTED_INCLUDE_IN_FRAMEWORK_HEADER = YES;
				CLANG_WARN_RANGE_LOOP_ANALYSIS = YES;
				CLANG_WARN_STRICT_PROTOTYPES = YES;
				CLANG_WARN_SUSPICIOUS_MOVE = YES;
				CLANG_WARN_UNGUARDED_AVAILABILITY = YES_AGGRESSIVE;
				CLANG_WARN_UNREACHABLE_CODE = YES;
				CLANG_WARN__DUPLICATE_METHOD_MATCH = YES;
				COPY_PHASE_STRIP = NO;
				DEBUG_INFORMATION_FORMAT = dwarf;
				ENABLE_STRICT_OBJC_MSGSEND = YES;
				ENABLE_TESTABILITY = YES;
				ENABLE_USER_SCRIPT_SANDBOXING = YES;
				GCC_C_LANGUAGE_STANDARD = gnu17;
				GCC_DYNAMIC_NO_PIC = NO;
				GCC_NO_COMMON_BLOCKS = YES;
				GCC_OPTIMIZATION_LEVEL = 0;
				GCC_PREPROCESSOR_DEFINITIONS = (
					"DEBUG=1",
					"$(inherited)",
				);
				GCC_WARN_64_TO_32_BIT_CONVERSION = YES;
				GCC_WARN_ABOUT_RETURN_TYPE = YES_ERROR;
				GCC_WARN_UNDECLARED_SELECTOR = YES;
				GCC_WARN_UNINITIALIZED_AUTOS = YES_AGGRESSIVE;
				GCC_WARN_UNUSED_FUNCTION = YES;
				GCC_WARN_UNUSED_VARIABLE = YES;
				IPHONEOS_DEPLOYMENT_TARGET = 17.0;
				LOCALIZATION_PREFERS_STRING_CATALOGS = YES;
				MTL_ENABLE_DEBUG_INFO = INCLUDE_SOURCE;
				MTL_FAST_MATH = YES;
				ONLY_ACTIVE_ARCH = YES;
				SDKROOT = iphoneos;
				SWIFT_ACTIVE_COMPILATION_CONDITIONS = "DEBUG $(inherited)";
				SWIFT_OPTIMIZATION_LEVEL = "-Onone";
			};
			name = Debug;
		};
		BF7C434E2B009DC400347781 /* Release */ = {
			isa = XCBuildConfiguration;
			buildSettings = {
				ALWAYS_SEARCH_USER_PATHS = NO;
				ASSETCATALOG_COMPILER_GENERATE_SWIFT_ASSET_SYMBOL_EXTENSIONS = YES;
				CLANG_ANALYZER_NONNULL = YES;
				CLANG_ANALYZER_NUMBER_OBJECT_CONVERSION = YES_AGGRESSIVE;
				CLANG_CXX_LANGUAGE_STANDARD = "gnu++20";
				CLANG_ENABLE_MODULES = YES;
				CLANG_ENABLE_OBJC_ARC = YES;
				CLANG_ENABLE_OBJC_WEAK = YES;
				CLANG_WARN_BLOCK_CAPTURE_AUTORELEASING = YES;
				CLANG_WARN_BOOL_CONVERSION = YES;
				CLANG_WARN_COMMA = YES;
				CLANG_WARN_CONSTANT_CONVERSION = YES;
				CLANG_WARN_DEPRECATED_OBJC_IMPLEMENTATIONS = YES;
				CLANG_WARN_DIRECT_OBJC_ISA_USAGE = YES_ERROR;
				CLANG_WARN_DOCUMENTATION_COMMENTS = YES;
				CLANG_WARN_EMPTY_BODY = YES;
				CLANG_WARN_ENUM_CONVERSION = YES;
				CLANG_WARN_INFINITE_RECURSION = YES;
				CLANG_WARN_INT_CONVERSION = YES;
				CLANG_WARN_NON_LITERAL_NULL_CONVERSION = YES;
				CLANG_WARN_OBJC_IMPLICIT_RETAIN_SELF = YES;
				CLANG_WARN_OBJC_LITERAL_CONVERSION = YES;
				CLANG_WARN_OBJC_ROOT_CLASS = YES_ERROR;
				CLANG_WARN_QUOTED_INCLUDE_IN_FRAMEWORK_HEADER = YES;
				CLANG_WARN_RANGE_LOOP_ANALYSIS = YES;
				CLANG_WARN_STRICT_PROTOTYPES = YES;
				CLANG_WARN_SUSPICIOUS_MOVE = YES;
				CLANG_WARN_UNGUARDED_AVAILABILITY = YES_AGGRESSIVE;
				CLANG_WARN_UNREACHABLE_CODE = YES;
				CLANG_WARN__DUPLICATE_METHOD_MATCH = YES;
				COPY_PHASE_STRIP = NO;
				DEBUG_INFORMATION_FORMAT = "dwarf-with-dsym";
				ENABLE_NS_ASSERTIONS = NO;
				ENABLE_STRICT_OBJC_MSGSEND = YES;
				ENABLE_USER_SCRIPT_SANDBOXING = YES;
				GCC_C_LANGUAGE_STANDARD = gnu17;
				GCC_NO_COMMON_BLOCKS = YES;
				GCC_WARN_64_TO_32_BIT_CONVERSION = YES;
				GCC_WARN_ABOUT_RETURN_TYPE = YES_ERROR;
				GCC_WARN_UNDECLARED_SELECTOR = YES;
				GCC_WARN_UNINITIALIZED_AUTOS = YES_AGGRESSIVE;
				GCC_WARN_UNUSED_FUNCTION = YES;
				GCC_WARN_UNUSED_VARIABLE = YES;
				IPHONEOS_DEPLOYMENT_TARGET = 17.0;
				LOCALIZATION_PREFERS_STRING_CATALOGS = YES;
				MTL_ENABLE_DEBUG_INFO = NO;
				MTL_FAST_MATH = YES;
				SDKROOT = iphoneos;
				SWIFT_COMPILATION_MODE = wholemodule;
				VALIDATE_PRODUCT = YES;
			};
			name = Release;
		};
		BF7C43502B009DC400347781 /* Debug */ = {
			isa = XCBuildConfiguration;
			buildSettings = {
				ASSETCATALOG_COMPILER_APPICON_NAME = AppIcon;
				ASSETCATALOG_COMPILER_GLOBAL_ACCENT_COLOR_NAME = AccentColor;
				CODE_SIGN_STYLE = Automatic;
				CURRENT_PROJECT_VERSION = 1;
				DEVELOPMENT_ASSET_PATHS = "\"User Interface Movie/Preview Content\"";
				DEVELOPMENT_TEAM = 7JWCSA9B4T;
				ENABLE_PREVIEWS = YES;
				GENERATE_INFOPLIST_FILE = YES;
				INFOPLIST_KEY_UIApplicationSceneManifest_Generation = YES;
				INFOPLIST_KEY_UIApplicationSupportsIndirectInputEvents = YES;
				INFOPLIST_KEY_UILaunchScreen_Generation = YES;
				INFOPLIST_KEY_UISupportedInterfaceOrientations_iPad = "UIInterfaceOrientationPortrait UIInterfaceOrientationPortraitUpsideDown UIInterfaceOrientationLandscapeLeft UIInterfaceOrientationLandscapeRight";
				INFOPLIST_KEY_UISupportedInterfaceOrientations_iPhone = "UIInterfaceOrientationPortrait UIInterfaceOrientationLandscapeLeft UIInterfaceOrientationLandscapeRight";
				LD_RUNPATH_SEARCH_PATHS = (
					"$(inherited)",
					"@executable_path/Frameworks",
				);
				MARKETING_VERSION = 1.0;
				PRODUCT_BUNDLE_IDENTIFIER = "ca.JoshYim.User-Interface-Movie";
				PRODUCT_NAME = "$(TARGET_NAME)";
				SWIFT_EMIT_LOC_STRINGS = YES;
				SWIFT_VERSION = 5.0;
				TARGETED_DEVICE_FAMILY = "1,2";
			};
			name = Debug;
		};
		BF7C43512B009DC400347781 /* Release */ = {
			isa = XCBuildConfiguration;
			buildSettings = {
				ASSETCATALOG_COMPILER_APPICON_NAME = AppIcon;
				ASSETCATALOG_COMPILER_GLOBAL_ACCENT_COLOR_NAME = AccentColor;
				CODE_SIGN_STYLE = Automatic;
				CURRENT_PROJECT_VERSION = 1;
				DEVELOPMENT_ASSET_PATHS = "\"User Interface Movie/Preview Content\"";
				DEVELOPMENT_TEAM = 7JWCSA9B4T;
				ENABLE_PREVIEWS = YES;
				GENERATE_INFOPLIST_FILE = YES;
				INFOPLIST_KEY_UIApplicationSceneManifest_Generation = YES;
				INFOPLIST_KEY_UIApplicationSupportsIndirectInputEvents = YES;
				INFOPLIST_KEY_UILaunchScreen_Generation = YES;
				INFOPLIST_KEY_UISupportedInterfaceOrientations_iPad = "UIInterfaceOrientationPortrait UIInterfaceOrientationPortraitUpsideDown UIInterfaceOrientationLandscapeLeft UIInterfaceOrientationLandscapeRight";
				INFOPLIST_KEY_UISupportedInterfaceOrientations_iPhone = "UIInterfaceOrientationPortrait UIInterfaceOrientationLandscapeLeft UIInterfaceOrientationLandscapeRight";
				LD_RUNPATH_SEARCH_PATHS = (
					"$(inherited)",
					"@executable_path/Frameworks",
				);
				MARKETING_VERSION = 1.0;
				PRODUCT_BUNDLE_IDENTIFIER = "ca.JoshYim.User-Interface-Movie";
				PRODUCT_NAME = "$(TARGET_NAME)";
				SWIFT_EMIT_LOC_STRINGS = YES;
				SWIFT_VERSION = 5.0;
				TARGETED_DEVICE_FAMILY = "1,2";
			};
			name = Release;
		};
		BF7C43532B009DC400347781 /* Debug */ = {
			isa = XCBuildConfiguration;
			buildSettings = {
				ALWAYS_EMBED_SWIFT_STANDARD_LIBRARIES = YES;
				BUNDLE_LOADER = "$(TEST_HOST)";
				CODE_SIGN_STYLE = Automatic;
				CURRENT_PROJECT_VERSION = 1;
				DEVELOPMENT_TEAM = 7JWCSA9B4T;
				GENERATE_INFOPLIST_FILE = YES;
				IPHONEOS_DEPLOYMENT_TARGET = 17.0;
				MARKETING_VERSION = 1.0;
				PRODUCT_BUNDLE_IDENTIFIER = "ca.JoshYim.User-Interface-MovieTests";
				PRODUCT_NAME = "$(TARGET_NAME)";
				SWIFT_EMIT_LOC_STRINGS = NO;
				SWIFT_VERSION = 5.0;
				TARGETED_DEVICE_FAMILY = "1,2";
				TEST_HOST = "$(BUILT_PRODUCTS_DIR)/User Interface Movie.app/$(BUNDLE_EXECUTABLE_FOLDER_PATH)/User Interface Movie";
			};
			name = Debug;
		};
		BF7C43542B009DC400347781 /* Release */ = {
			isa = XCBuildConfiguration;
			buildSettings = {
				ALWAYS_EMBED_SWIFT_STANDARD_LIBRARIES = YES;
				BUNDLE_LOADER = "$(TEST_HOST)";
				CODE_SIGN_STYLE = Automatic;
				CURRENT_PROJECT_VERSION = 1;
				DEVELOPMENT_TEAM = 7JWCSA9B4T;
				GENERATE_INFOPLIST_FILE = YES;
				IPHONEOS_DEPLOYMENT_TARGET = 17.0;
				MARKETING_VERSION = 1.0;
				PRODUCT_BUNDLE_IDENTIFIER = "ca.JoshYim.User-Interface-MovieTests";
				PRODUCT_NAME = "$(TARGET_NAME)";
				SWIFT_EMIT_LOC_STRINGS = NO;
				SWIFT_VERSION = 5.0;
				TARGETED_DEVICE_FAMILY = "1,2";
				TEST_HOST = "$(BUILT_PRODUCTS_DIR)/User Interface Movie.app/$(BUNDLE_EXECUTABLE_FOLDER_PATH)/User Interface Movie";
			};
			name = Release;
		};
		BF7C43562B009DC400347781 /* Debug */ = {
			isa = XCBuildConfiguration;
			buildSettings = {
				ALWAYS_EMBED_SWIFT_STANDARD_LIBRARIES = YES;
				CODE_SIGN_STYLE = Automatic;
				CURRENT_PROJECT_VERSION = 1;
				DEVELOPMENT_TEAM = 7JWCSA9B4T;
				GENERATE_INFOPLIST_FILE = YES;
				MARKETING_VERSION = 1.0;
				PRODUCT_BUNDLE_IDENTIFIER = "ca.JoshYim.User-Interface-MovieUITests";
				PRODUCT_NAME = "$(TARGET_NAME)";
				SWIFT_EMIT_LOC_STRINGS = NO;
				SWIFT_VERSION = 5.0;
				TARGETED_DEVICE_FAMILY = "1,2";
				TEST_TARGET_NAME = "User Interface Movie";
			};
			name = Debug;
		};
		BF7C43572B009DC400347781 /* Release */ = {
			isa = XCBuildConfiguration;
			buildSettings = {
				ALWAYS_EMBED_SWIFT_STANDARD_LIBRARIES = YES;
				CODE_SIGN_STYLE = Automatic;
				CURRENT_PROJECT_VERSION = 1;
				DEVELOPMENT_TEAM = 7JWCSA9B4T;
				GENERATE_INFOPLIST_FILE = YES;
				MARKETING_VERSION = 1.0;
				PRODUCT_BUNDLE_IDENTIFIER = "ca.JoshYim.User-Interface-MovieUITests";
				PRODUCT_NAME = "$(TARGET_NAME)";
				SWIFT_EMIT_LOC_STRINGS = NO;
				SWIFT_VERSION = 5.0;
				TARGETED_DEVICE_FAMILY = "1,2";
				TEST_TARGET_NAME = "User Interface Movie";
			};
			name = Release;
		};
/* End XCBuildConfiguration section */

/* Begin XCConfigurationList section */
		BF7C43262B009DC100347781 /* Build configuration list for PBXProject "User Interface Movie" */ = {
			isa = XCConfigurationList;
			buildConfigurations = (
				BF7C434D2B009DC400347781 /* Debug */,
				BF7C434E2B009DC400347781 /* Release */,
			);
			defaultConfigurationIsVisible = 0;
			defaultConfigurationName = Release;
		};
		BF7C434F2B009DC400347781 /* Build configuration list for PBXNativeTarget "User Interface Movie" */ = {
			isa = XCConfigurationList;
			buildConfigurations = (
				BF7C43502B009DC400347781 /* Debug */,
				BF7C43512B009DC400347781 /* Release */,
			);
			defaultConfigurationIsVisible = 0;
			defaultConfigurationName = Release;
		};
		BF7C43522B009DC400347781 /* Build configuration list for PBXNativeTarget "User Interface MovieTests" */ = {
			isa = XCConfigurationList;
			buildConfigurations = (
				BF7C43532B009DC400347781 /* Debug */,
				BF7C43542B009DC400347781 /* Release */,
			);
			defaultConfigurationIsVisible = 0;
			defaultConfigurationName = Release;
		};
		BF7C43552B009DC400347781 /* Build configuration list for PBXNativeTarget "User Interface MovieUITests" */ = {
			isa = XCConfigurationList;
			buildConfigurations = (
				BF7C43562B009DC400347781 /* Debug */,
				BF7C43572B009DC400347781 /* Release */,
			);
			defaultConfigurationIsVisible = 0;
			defaultConfigurationName = Release;
		};
/* End XCConfigurationList section */
	};
	rootObject = BF7C43232B009DC100347781 /* Project object */;
}
